
Microsoft Visual Studio Solution File, Format Version 12.00
# Visual Studio 2013
VisualStudioVersion = 12.0.30723.0
MinimumVisualStudioVersion = 10.0.40219.1
Project("{FAE04EC0-301F-11D3-BF4B-00C04F79EFBC}") = "EAD_WCF_Webservice", "EAD_WCF_Webservice\EAD_WCF_Webservice.csproj", "{79791993-34F6-4213-9069-3AC0B6820232}"
EndProject
Project("{FAE04EC0-301F-11D3-BF4B-00C04F79EFBC}") = "EAD_Rest_Webservice", "EAD_Rest_Webservice\EAD_Rest_Webservice.csproj", "{39FC3D57-0AF7-433B-86E8-D283AB94A426}"
EndProject
Project("{FAE04EC0-301F-11D3-BF4B-00C04F79EFBC}") = "EAD_CA2_MVC_4_Project", "EAD_CA2_MVC_4_Project\EAD_CA2_MVC_4_Project.csproj", "{B113BD8F-953E-4F45-B1F3-A135BC425576}"
	ProjectSection(ProjectDependencies) = postProject
		{79791993-34F6-4213-9069-3AC0B6820232} = {79791993-34F6-4213-9069-3AC0B6820232}
	EndProjectSection
EndProject
Global
	GlobalSection(SolutionConfigurationPlatforms) = preSolution
		Debug|Any CPU = Debug|Any CPU
		Release|Any CPU = Release|Any CPU
	EndGlobalSection
	GlobalSection(ProjectConfigurationPlatforms) = postSolution
		{79791993-34F6-4213-9069-3AC0B6820232}.Debug|Any CPU.ActiveCfg = Debug|Any CPU
		{79791993-34F6-4213-9069-3AC0B6820232}.Debug|Any CPU.Build.0 = Debug|Any CPU
		{79791993-34F6-4213-9069-3AC0B6820232}.Release|Any CPU.ActiveCfg = Release|Any CPU
		{79791993-34F6-4213-9069-3AC0B6820232}.Release|Any CPU.Build.0 = Release|Any CPU
		{39FC3D57-0AF7-433B-86E8-D283AB94A426}.Debug|Any CPU.ActiveCfg = Debug|Any CPU
		{39FC3D57-0AF7-433B-86E8-D283AB94A426}.Debug|Any CPU.Build.0 = Debug|Any CPU
		{39FC3D57-0AF7-433B-86E8-D283AB94A426}.Release|Any CPU.ActiveCfg = Release|Any CPU
		{39FC3D57-0AF7-433B-86E8-D283AB94A426}.Release|Any CPU.Build.0 = Release|Any CPU
		{B113BD8F-953E-4F45-B1F3-A135BC425576}.Debug|Any CPU.ActiveCfg = Debug|Any CPU
		{B113BD8F-953E-4F45-B1F3-A135BC425576}.Debug|Any CPU.Build.0 = Debug|Any CPU
		{B113BD8F-953E-4F45-B1F3-A135BC425576}.Release|Any CPU.ActiveCfg = Release|Any CPU
		{B113BD8F-953E-4F45-B1F3-A135BC425576}.Release|Any CPU.Build.0 = Release|Any CPU
	EndGlobalSection
	GlobalSection(SolutionProperties) = preSolution
		HideSolutionNode = FALSE
	EndGlobalSection
EndGlobal
